
Microsoft Visual Studio Solution File, Format Version 12.00
# Visual Studio Version 17
VisualStudioVersion = 17.2.32516.85
MinimumVisualStudioVersion = 10.0.40219.1
Project("{FAE04EC0-301F-11D3-BF4B-00C04F79EFBC}") = "OOP8_CD", "OOP8_CD\OOP8_CD.csproj", "{5C2D5BAD-9419-4635-BC76-7418E44EBA6C}"
EndProject
Global
	GlobalSection(SolutionConfigurationPlatforms) = preSolution
		Debug|Any CPU = Debug|Any CPU
		Release|Any CPU = Release|Any CPU
	EndGlobalSection
	GlobalSection(ProjectConfigurationPlatforms) = postSolution
		{5C2D5BAD-9419-4635-BC76-7418E44EBA6C}.Debug|Any CPU.ActiveCfg = Debug|Any CPU
		{5C2D5BAD-9419-4635-BC76-7418E44EBA6C}.Debug|Any CPU.Build.0 = Debug|Any CPU
		{5C2D5BAD-9419-4635-BC76-7418E44EBA6C}.Release|Any CPU.ActiveCfg = Release|Any CPU
		{5C2D5BAD-9419-4635-BC76-7418E44EBA6C}.Release|Any CPU.Build.0 = Release|Any CPU
	EndGlobalSection
	GlobalSection(SolutionProperties) = preSolution
		HideSolutionNode = FALSE
	EndGlobalSection
	GlobalSection(ExtensibilityGlobals) = postSolution
		SolutionGuid = {71EDA800-B0DF-4DF5-8BB3-7F80B917364B}
	EndGlobalSection
EndGlobal
